// !$*UTF8*$!
{
	archiveVersion = 1;
	classes = {
	};
	objectVersion = 54;
	objects = {

/* Begin PBXBuildFile section */
		08453680277B4FB700319AF9 /* StopsViewController.swift in Sources */ = {isa = PBXBuildFile; fileRef = 0845367F277B4FB700319AF9 /* StopsViewController.swift */; };
		08453683277B730800319AF9 /* TableViewCell.xib in Resources */ = {isa = PBXBuildFile; fileRef = 08453681277B730800319AF9 /* TableViewCell.xib */; };
		08453684277B730800319AF9 /* TableViewCell.swift in Sources */ = {isa = PBXBuildFile; fileRef = 08453682277B730800319AF9 /* TableViewCell.swift */; };
		08F9BD5A277CE9240061BF6A /* test.storyboard in Resources */ = {isa = PBXBuildFile; fileRef = 08F9BD58277CE9240061BF6A /* test.storyboard */; };
		A251E5AD27230627008C8A6C /* AppDelegate.swift in Sources */ = {isa = PBXBuildFile; fileRef = A251E5AC27230627008C8A6C /* AppDelegate.swift */; };
		A251E5AF27230627008C8A6C /* SceneDelegate.swift in Sources */ = {isa = PBXBuildFile; fileRef = A251E5AE27230627008C8A6C /* SceneDelegate.swift */; };
		A251E5B127230627008C8A6C /* ViewController.swift in Sources */ = {isa = PBXBuildFile; fileRef = A251E5B027230627008C8A6C /* ViewController.swift */; };
		A251E5B427230627008C8A6C /* Main.storyboard in Resources */ = {isa = PBXBuildFile; fileRef = A251E5B227230627008C8A6C /* Main.storyboard */; };
		A251E5B62723062C008C8A6C /* Assets.xcassets in Resources */ = {isa = PBXBuildFile; fileRef = A251E5B52723062C008C8A6C /* Assets.xcassets */; };
		A251E5B92723062C008C8A6C /* LaunchScreen.storyboard in Resources */ = {isa = PBXBuildFile; fileRef = A251E5B72723062C008C8A6C /* LaunchScreen.storyboard */; };
		A25E20F42775CC1A00FAAE7B /* BusViewController.swift in Sources */ = {isa = PBXBuildFile; fileRef = A25E20F32775CC1A00FAAE7B /* BusViewController.swift */; };
		A25E20F62775CF0200FAAE7B /* NetworkManager.swift in Sources */ = {isa = PBXBuildFile; fileRef = A25E20F52775CF0200FAAE7B /* NetworkManager.swift */; };
		A25E20F82775CF4B00FAAE7B /* Structures.swift in Sources */ = {isa = PBXBuildFile; fileRef = A25E20F72775CF4B00FAAE7B /* Structures.swift */; };
		A859C8C52783690400C64E98 /* ARViewController.swift in Sources */ = {isa = PBXBuildFile; fileRef = A859C8C42783690400C64E98 /* ARViewController.swift */; };
		A85FBBCA27836DEF0036A86D /* Experience copy.rcproject in Sources */ = {isa = PBXBuildFile; fileRef = A85FBBC627836DEF0036A86D /* Experience copy.rcproject */; };
/* End PBXBuildFile section */

/* Begin PBXFileReference section */
		0845367F277B4FB700319AF9 /* StopsViewController.swift */ = {isa = PBXFileReference; lastKnownFileType = sourcecode.swift; path = StopsViewController.swift; sourceTree = "<group>"; };
		08453681277B730800319AF9 /* TableViewCell.xib */ = {isa = PBXFileReference; fileEncoding = 4; lastKnownFileType = file.xib; path = TableViewCell.xib; sourceTree = "<group>"; };
		08453682277B730800319AF9 /* TableViewCell.swift */ = {isa = PBXFileReference; fileEncoding = 4; lastKnownFileType = sourcecode.swift; path = TableViewCell.swift; sourceTree = "<group>"; };
		08F9BD59277CE9240061BF6A /* Base */ = {isa = PBXFileReference; lastKnownFileType = file.storyboard; name = Base; path = Base.lproj/test.storyboard; sourceTree = "<group>"; };
		A251E5A927230627008C8A6C /* SUM.app */ = {isa = PBXFileReference; explicitFileType = wrapper.application; includeInIndex = 0; path = SUM.app; sourceTree = BUILT_PRODUCTS_DIR; };
		A251E5AC27230627008C8A6C /* AppDelegate.swift */ = {isa = PBXFileReference; lastKnownFileType = sourcecode.swift; path = AppDelegate.swift; sourceTree = "<group>"; };
		A251E5AE27230627008C8A6C /* SceneDelegate.swift */ = {isa = PBXFileReference; lastKnownFileType = sourcecode.swift; path = SceneDelegate.swift; sourceTree = "<group>"; };
		A251E5B027230627008C8A6C /* ViewController.swift */ = {isa = PBXFileReference; lastKnownFileType = sourcecode.swift; path = ViewController.swift; sourceTree = "<group>"; };
		A251E5B327230627008C8A6C /* Base */ = {isa = PBXFileReference; lastKnownFileType = file.storyboard; name = Base; path = Base.lproj/Main.storyboard; sourceTree = "<group>"; };
		A251E5B52723062C008C8A6C /* Assets.xcassets */ = {isa = PBXFileReference; lastKnownFileType = folder.assetcatalog; path = Assets.xcassets; sourceTree = "<group>"; };
		A251E5B82723062C008C8A6C /* Base */ = {isa = PBXFileReference; lastKnownFileType = file.storyboard; name = Base; path = Base.lproj/LaunchScreen.storyboard; sourceTree = "<group>"; };
		A251E5BA2723062C008C8A6C /* Info.plist */ = {isa = PBXFileReference; lastKnownFileType = text.plist.xml; path = Info.plist; sourceTree = "<group>"; };
		A25E20F32775CC1A00FAAE7B /* BusViewController.swift */ = {isa = PBXFileReference; lastKnownFileType = sourcecode.swift; path = BusViewController.swift; sourceTree = "<group>"; };
		A25E20F52775CF0200FAAE7B /* NetworkManager.swift */ = {isa = PBXFileReference; lastKnownFileType = sourcecode.swift; path = NetworkManager.swift; sourceTree = "<group>"; };
		A25E20F72775CF4B00FAAE7B /* Structures.swift */ = {isa = PBXFileReference; lastKnownFileType = sourcecode.swift; path = Structures.swift; sourceTree = "<group>"; };
		A859C8C42783690400C64E98 /* ARViewController.swift */ = {isa = PBXFileReference; lastKnownFileType = sourcecode.swift; path = ARViewController.swift; sourceTree = "<group>"; };
		A85FBBC627836DEF0036A86D /* Experience copy.rcproject */ = {isa = PBXFileReference; lastKnownFileType = file.rcproject; path = "Experience copy.rcproject"; sourceTree = "<group>"; };
/* End PBXFileReference section */

/* Begin PBXFrameworksBuildPhase section */
		A251E5A627230627008C8A6C /* Frameworks */ = {
			isa = PBXFrameworksBuildPhase;
			buildActionMask = 2147483647;
			files = (
			);
			runOnlyForDeploymentPostprocessing = 0;
		};
/* End PBXFrameworksBuildPhase section */

/* Begin PBXGroup section */
		A251E5A027230627008C8A6C = {
			isa = PBXGroup;
			children = (
				A251E5AB27230627008C8A6C /* SUM */,
				A251E5AA27230627008C8A6C /* Products */,
			);
			sourceTree = "<group>";
		};
		A251E5AA27230627008C8A6C /* Products */ = {
			isa = PBXGroup;
			children = (
				A251E5A927230627008C8A6C /* SUM.app */,
			);
			name = Products;
			sourceTree = "<group>";
		};
		A251E5AB27230627008C8A6C /* SUM */ = {
			isa = PBXGroup;
			children = (
				08453682277B730800319AF9 /* TableViewCell.swift */,
				08453681277B730800319AF9 /* TableViewCell.xib */,
				A251E5AC27230627008C8A6C /* AppDelegate.swift */,
				A251E5AE27230627008C8A6C /* SceneDelegate.swift */,
				A251E5B027230627008C8A6C /* ViewController.swift */,
				A251E5B227230627008C8A6C /* Main.storyboard */,
				A859C8C42783690400C64E98 /* ARViewController.swift */,
				A85FBBC627836DEF0036A86D /* Experience copy.rcproject */,
				A25E20F52775CF0200FAAE7B /* NetworkManager.swift */,
				A25E20F72775CF4B00FAAE7B /* Structures.swift */,
				A25E20F32775CC1A00FAAE7B /* BusViewController.swift */,
				A251E5B52723062C008C8A6C /* Assets.xcassets */,
				A251E5B72723062C008C8A6C /* LaunchScreen.storyboard */,
				A251E5BA2723062C008C8A6C /* Info.plist */,
				0845367F277B4FB700319AF9 /* StopsViewController.swift */,
				08F9BD58277CE9240061BF6A /* test.storyboard */,
			);
			path = SUM;
			sourceTree = "<group>";
		};
/* End PBXGroup section */

/* Begin PBXNativeTarget section */
		A251E5A827230627008C8A6C /* SUM */ = {
			isa = PBXNativeTarget;
			buildConfigurationList = A251E5BD2723062C008C8A6C /* Build configuration list for PBXNativeTarget "SUM" */;
			buildPhases = (
				A251E5A527230627008C8A6C /* Sources */,
				A251E5A627230627008C8A6C /* Frameworks */,
				A251E5A727230627008C8A6C /* Resources */,
			);
			buildRules = (
			);
			dependencies = (
			);
			name = SUM;
			productName = SUM;
			productReference = A251E5A927230627008C8A6C /* SUM.app */;
			productType = "com.apple.product-type.application";
		};
/* End PBXNativeTarget section */

/* Begin PBXProject section */
		A251E5A127230627008C8A6C /* Project object */ = {
			isa = PBXProject;
			attributes = {
				BuildIndependentTargetsInParallel = 1;
				LastSwiftUpdateCheck = 1300;
				LastUpgradeCheck = 1300;
				TargetAttributes = {
					A251E5A827230627008C8A6C = {
						CreatedOnToolsVersion = 13.0;
					};
				};
			};
			buildConfigurationList = A251E5A427230627008C8A6C /* Build configuration list for PBXProject "SUM" */;
			compatibilityVersion = "Xcode 12.0";
			developmentRegion = en;
			hasScannedForEncodings = 0;
			knownRegions = (
				en,
				Base,
			);
			mainGroup = A251E5A027230627008C8A6C;
			productRefGroup = A251E5AA27230627008C8A6C /* Products */;
			projectDirPath = "";
			projectRoot = "";
			targets = (
				A251E5A827230627008C8A6C /* SUM */,
			);
		};
/* End PBXProject section */

/* Begin PBXResourcesBuildPhase section */
		A251E5A727230627008C8A6C /* Resources */ = {
			isa = PBXResourcesBuildPhase;
			buildActionMask = 2147483647;
			files = (
				A251E5B92723062C008C8A6C /* LaunchScreen.storyboard in Resources */,
				08453683277B730800319AF9 /* TableViewCell.xib in Resources */,
				A251E5B62723062C008C8A6C /* Assets.xcassets in Resources */,
				08F9BD5A277CE9240061BF6A /* test.storyboard in Resources */,
				A251E5B427230627008C8A6C /* Main.storyboard in Resources */,
			);
			runOnlyForDeploymentPostprocessing = 0;
		};
/* End PBXResourcesBuildPhase section */

/* Begin PBXSourcesBuildPhase section */
		A251E5A527230627008C8A6C /* Sources */ = {
			isa = PBXSourcesBuildPhase;
			buildActionMask = 2147483647;
			files = (
				A251E5B127230627008C8A6C /* ViewController.swift in Sources */,
				08453684277B730800319AF9 /* TableViewCell.swift in Sources */,
				A85FBBCA27836DEF0036A86D /* Experience copy.rcproject in Sources */,
				A25E20F82775CF4B00FAAE7B /* Structures.swift in Sources */,
				A859C8C52783690400C64E98 /* ARViewController.swift in Sources */,
				A251E5AD27230627008C8A6C /* AppDelegate.swift in Sources */,
				08453680277B4FB700319AF9 /* StopsViewController.swift in Sources */,
				A25E20F62775CF0200FAAE7B /* NetworkManager.swift in Sources */,
				A251E5AF27230627008C8A6C /* SceneDelegate.swift in Sources */,
				A25E20F42775CC1A00FAAE7B /* BusViewController.swift in Sources */,
			);
			runOnlyForDeploymentPostprocessing = 0;
		};
/* End PBXSourcesBuildPhase section */

/* Begin PBXVariantGroup section */
		08F9BD58277CE9240061BF6A /* test.storyboard */ = {
			isa = PBXVariantGroup;
			children = (
				08F9BD59277CE9240061BF6A /* Base */,
			);
			name = test.storyboard;
			sourceTree = "<group>";
		};
		A251E5B227230627008C8A6C /* Main.storyboard */ = {
			isa = PBXVariantGroup;
			children = (
				A251E5B327230627008C8A6C /* Base */,
			);
			name = Main.storyboard;
			sourceTree = "<group>";
		};
		A251E5B72723062C008C8A6C /* LaunchScreen.storyboard */ = {
			isa = PBXVariantGroup;
			children = (
				A251E5B82723062C008C8A6C /* Base */,
			);
			name = LaunchScreen.storyboard;
			sourceTree = "<group>";
		};
/* End PBXVariantGroup section */

/* Begin XCBuildConfiguration section */
		A251E5BB2723062C008C8A6C /* Debug */ = {
			isa = XCBuildConfiguration;
			buildSettings = {
				ALWAYS_SEARCH_USER_PATHS = NO;
				CLANG_ANALYZER_NONNULL = YES;
				CLANG_ANALYZER_NUMBER_OBJECT_CONVERSION = YES_AGGRESSIVE;
				CLANG_CXX_LANGUAGE_STANDARD = "gnu++17";
				CLANG_CXX_LIBRARY = "libc++";
				CLANG_ENABLE_MODULES = YES;
				CLANG_ENABLE_OBJC_ARC = YES;
				CLANG_ENABLE_OBJC_WEAK = YES;
				CLANG_WARN_BLOCK_CAPTURE_AUTORELEASING = YES;
				CLANG_WARN_BOOL_CONVERSION = YES;
				CLANG_WARN_COMMA = YES;
				CLANG_WARN_CONSTANT_CONVERSION = YES;
				CLANG_WARN_DEPRECATED_OBJC_IMPLEMENTATIONS = YES;
				CLANG_WARN_DIRECT_OBJC_ISA_USAGE = YES_ERROR;
				CLANG_WARN_DOCUMENTATION_COMMENTS = YES;
				CLANG_WARN_EMPTY_BODY = YES;
				CLANG_WARN_ENUM_CONVERSION = YES;
				CLANG_WARN_INFINITE_RECURSION = YES;
				CLANG_WARN_INT_CONVERSION = YES;
				CLANG_WARN_NON_LITERAL_NULL_CONVERSION = YES;
				CLANG_WARN_OBJC_IMPLICIT_RETAIN_SELF = YES;
				CLANG_WARN_OBJC_LITERAL_CONVERSION = YES;
				CLANG_WARN_OBJC_ROOT_CLASS = YES_ERROR;
				CLANG_WARN_QUOTED_INCLUDE_IN_FRAMEWORK_HEADER = YES;
				CLANG_WARN_RANGE_LOOP_ANALYSIS = YES;
				CLANG_WARN_STRICT_PROTOTYPES = YES;
				CLANG_WARN_SUSPICIOUS_MOVE = YES;
				CLANG_WARN_UNGUARDED_AVAILABILITY = YES_AGGRESSIVE;
				CLANG_WARN_UNREACHABLE_CODE = YES;
				CLANG_WARN__DUPLICATE_METHOD_MATCH = YES;
				COPY_PHASE_STRIP = NO;
				DEBUG_INFORMATION_FORMAT = dwarf;
				ENABLE_STRICT_OBJC_MSGSEND = YES;
				ENABLE_TESTABILITY = YES;
				GCC_C_LANGUAGE_STANDARD = gnu11;
				GCC_DYNAMIC_NO_PIC = NO;
				GCC_NO_COMMON_BLOCKS = YES;
				GCC_OPTIMIZATION_LEVEL = 0;
				GCC_PREPROCESSOR_DEFINITIONS = (
					"DEBUG=1",
					"$(inherited)",
				);
				GCC_WARN_64_TO_32_BIT_CONVERSION = YES;
				GCC_WARN_ABOUT_RETURN_TYPE = YES_ERROR;
				GCC_WARN_UNDECLARED_SELECTOR = YES;
				GCC_WARN_UNINITIALIZED_AUTOS = YES_AGGRESSIVE;
				GCC_WARN_UNUSED_FUNCTION = YES;
				GCC_WARN_UNUSED_VARIABLE = YES;
				IPHONEOS_DEPLOYMENT_TARGET = 15.0;
				MTL_ENABLE_DEBUG_INFO = INCLUDE_SOURCE;
				MTL_FAST_MATH = YES;
				ONLY_ACTIVE_ARCH = YES;
				SDKROOT = iphoneos;
				SWIFT_ACTIVE_COMPILATION_CONDITIONS = DEBUG;
				SWIFT_OPTIMIZATION_LEVEL = "-Onone";
			};
			name = Debug;
		};
		A251E5BC2723062C008C8A6C /* Release */ = {
			isa = XCBuildConfiguration;
			buildSettings = {
				ALWAYS_SEARCH_USER_PATHS = NO;
				CLANG_ANALYZER_NONNULL = YES;
				CLANG_ANALYZER_NUMBER_OBJECT_CONVERSION = YES_AGGRESSIVE;
				CLANG_CXX_LANGUAGE_STANDARD = "gnu++17";
				CLANG_CXX_LIBRARY = "libc++";
				CLANG_ENABLE_MODULES = YES;
				CLANG_ENABLE_OBJC_ARC = YES;
				CLANG_ENABLE_OBJC_WEAK = YES;
				CLANG_WARN_BLOCK_CAPTURE_AUTORELEASING = YES;
				CLANG_WARN_BOOL_CONVERSION = YES;
				CLANG_WARN_COMMA = YES;
				CLANG_WARN_CONSTANT_CONVERSION = YES;
				CLANG_WARN_DEPRECATED_OBJC_IMPLEMENTATIONS = YES;
				CLANG_WARN_DIRECT_OBJC_ISA_USAGE = YES_ERROR;
				CLANG_WARN_DOCUMENTATION_COMMENTS = YES;
				CLANG_WARN_EMPTY_BODY = YES;
				CLANG_WARN_ENUM_CONVERSION = YES;
				CLANG_WARN_INFINITE_RECURSION = YES;
				CLANG_WARN_INT_CONVERSION = YES;
				CLANG_WARN_NON_LITERAL_NULL_CONVERSION = YES;
				CLANG_WARN_OBJC_IMPLICIT_RETAIN_SELF = YES;
				CLANG_WARN_OBJC_LITERAL_CONVERSION = YES;
				CLANG_WARN_OBJC_ROOT_CLASS = YES_ERROR;
				CLANG_WARN_QUOTED_INCLUDE_IN_FRAMEWORK_HEADER = YES;
				CLANG_WARN_RANGE_LOOP_ANALYSIS = YES;
				CLANG_WARN_STRICT_PROTOTYPES = YES;
				CLANG_WARN_SUSPICIOUS_MOVE = YES;
				CLANG_WARN_UNGUARDED_AVAILABILITY = YES_AGGRESSIVE;
				CLANG_WARN_UNREACHABLE_CODE = YES;
				CLANG_WARN__DUPLICATE_METHOD_MATCH = YES;
				COPY_PHASE_STRIP = NO;
				DEBUG_INFORMATION_FORMAT = "dwarf-with-dsym";
				ENABLE_NS_ASSERTIONS = NO;
				ENABLE_STRICT_OBJC_MSGSEND = YES;
				GCC_C_LANGUAGE_STANDARD = gnu11;
				GCC_NO_COMMON_BLOCKS = YES;
				GCC_WARN_64_TO_32_BIT_CONVERSION = YES;
				GCC_WARN_ABOUT_RETURN_TYPE = YES_ERROR;
				GCC_WARN_UNDECLARED_SELECTOR = YES;
				GCC_WARN_UNINITIALIZED_AUTOS = YES_AGGRESSIVE;
				GCC_WARN_UNUSED_FUNCTION = YES;
				GCC_WARN_UNUSED_VARIABLE = YES;
				IPHONEOS_DEPLOYMENT_TARGET = 15.0;
				MTL_ENABLE_DEBUG_INFO = NO;
				MTL_FAST_MATH = YES;
				SDKROOT = iphoneos;
				SWIFT_COMPILATION_MODE = wholemodule;
				SWIFT_OPTIMIZATION_LEVEL = "-O";
				VALIDATE_PRODUCT = YES;
			};
			name = Release;
		};
		A251E5BE2723062C008C8A6C /* Debug */ = {
			isa = XCBuildConfiguration;
			buildSettings = {
				ASSETCATALOG_COMPILER_APPICON_NAME = AppIcon;
				ASSETCATALOG_COMPILER_GLOBAL_ACCENT_COLOR_NAME = AccentColor;
				CODE_SIGN_STYLE = Automatic;
				CURRENT_PROJECT_VERSION = 1;
				DEVELOPMENT_TEAM = 432YN9UKX2;
				GENERATE_INFOPLIST_FILE = YES;
				INFOPLIST_FILE = SUM/Info.plist;
				INFOPLIST_KEY_UIApplicationSupportsIndirectInputEvents = YES;
				INFOPLIST_KEY_UILaunchStoryboardName = LaunchScreen;
				INFOPLIST_KEY_UIMainStoryboardFile = Main;
				INFOPLIST_KEY_UISupportedInterfaceOrientations_iPad = "UIInterfaceOrientationPortrait UIInterfaceOrientationPortraitUpsideDown UIInterfaceOrientationLandscapeLeft UIInterfaceOrientationLandscapeRight";
				INFOPLIST_KEY_UISupportedInterfaceOrientations_iPhone = "UIInterfaceOrientationPortrait UIInterfaceOrientationLandscapeLeft UIInterfaceOrientationLandscapeRight";
				LD_RUNPATH_SEARCH_PATHS = (
					"$(inherited)",
					"@executable_path/Frameworks",
				);
				MARKETING_VERSION = 1.0;
				PRODUCT_BUNDLE_IDENTIFIER = ipleiria.pt.SUM;
				PRODUCT_NAME = "$(TARGET_NAME)";
				SWIFT_EMIT_LOC_STRINGS = YES;
				SWIFT_VERSION = 5.0;
				TARGETED_DEVICE_FAMILY = "1,2";
			};
			name = Debug;
		};
		A251E5BF2723062C008C8A6C /* Release */ = {
			isa = XCBuildConfiguration;
			buildSettings = {
				ASSETCATALOG_COMPILER_APPICON_NAME = AppIcon;
				ASSETCATALOG_COMPILER_GLOBAL_ACCENT_COLOR_NAME = AccentColor;
				CODE_SIGN_STYLE = Automatic;
				CURRENT_PROJECT_VERSION = 1;
				DEVELOPMENT_TEAM = 432YN9UKX2;
				GENERATE_INFOPLIST_FILE = YES;
				INFOPLIST_FILE = SUM/Info.plist;
				INFOPLIST_KEY_UIApplicationSupportsIndirectInputEvents = YES;
				INFOPLIST_KEY_UILaunchStoryboardName = LaunchScreen;
				INFOPLIST_KEY_UIMainStoryboardFile = Main;
				INFOPLIST_KEY_UISupportedInterfaceOrientations_iPad = "UIInterfaceOrientationPortrait UIInterfaceOrientationPortraitUpsideDown UIInterfaceOrientationLandscapeLeft UIInterfaceOrientationLandscapeRight";
				INFOPLIST_KEY_UISupportedInterfaceOrientations_iPhone = "UIInterfaceOrientationPortrait UIInterfaceOrientationLandscapeLeft UIInterfaceOrientationLandscapeRight";
				LD_RUNPATH_SEARCH_PATHS = (
					"$(inherited)",
					"@executable_path/Frameworks",
				);
				MARKETING_VERSION = 1.0;
				PRODUCT_BUNDLE_IDENTIFIER = ipleiria.pt.SUM;
				PRODUCT_NAME = "$(TARGET_NAME)";
				SWIFT_EMIT_LOC_STRINGS = YES;
				SWIFT_VERSION = 5.0;
				TARGETED_DEVICE_FAMILY = "1,2";
			};
			name = Release;
		};
/* End XCBuildConfiguration section */

/* Begin XCConfigurationList section */
		A251E5A427230627008C8A6C /* Build configuration list for PBXProject "SUM" */ = {
			isa = XCConfigurationList;
			buildConfigurations = (
				A251E5BB2723062C008C8A6C /* Debug */,
				A251E5BC2723062C008C8A6C /* Release */,
			);
			defaultConfigurationIsVisible = 0;
			defaultConfigurationName = Release;
		};
		A251E5BD2723062C008C8A6C /* Build configuration list for PBXNativeTarget "SUM" */ = {
			isa = XCConfigurationList;
			buildConfigurations = (
				A251E5BE2723062C008C8A6C /* Debug */,
				A251E5BF2723062C008C8A6C /* Release */,
			);
			defaultConfigurationIsVisible = 0;
			defaultConfigurationName = Release;
		};
/* End XCConfigurationList section */
	};
	rootObject = A251E5A127230627008C8A6C /* Project object */;
}
